
Microsoft Visual Studio Solution File, Format Version 12.00
# Visual Studio Version 17
VisualStudioVersion = 17.0.31815.197
MinimumVisualStudioVersion = 10.0.40219.1
Project("{FAE04EC0-301F-11D3-BF4B-00C04F79EFBC}") = "Common", "Common\Common.csproj", "{95FB2A97-9AC9-49A2-97B2-9F112AFEFD7A}"
EndProject
Project("{FAE04EC0-301F-11D3-BF4B-00C04F79EFBC}") = "UnitTests", "UnitTests\UnitTests.csproj", "{C0377857-D44A-4B7D-93B3-D7B175193DF1}"
EndProject
Global
	GlobalSection(SolutionConfigurationPlatforms) = preSolution
		Debug|Any CPU = Debug|Any CPU
		Release|Any CPU = Release|Any CPU
	EndGlobalSection
	GlobalSection(ProjectConfigurationPlatforms) = postSolution
		{95FB2A97-9AC9-49A2-97B2-9F112AFEFD7A}.Debug|Any CPU.ActiveCfg = Debug|Any CPU
		{95FB2A97-9AC9-49A2-97B2-9F112AFEFD7A}.Debug|Any CPU.Build.0 = Debug|Any CPU
		{95FB2A97-9AC9-49A2-97B2-9F112AFEFD7A}.Release|Any CPU.ActiveCfg = Release|Any CPU
		{95FB2A97-9AC9-49A2-97B2-9F112AFEFD7A}.Release|Any CPU.Build.0 = Release|Any CPU
		{C0377857-D44A-4B7D-93B3-D7B175193DF1}.Debug|Any CPU.ActiveCfg = Debug|Any CPU
		{C0377857-D44A-4B7D-93B3-D7B175193DF1}.Debug|Any CPU.Build.0 = Debug|Any CPU
		{C0377857-D44A-4B7D-93B3-D7B175193DF1}.Release|Any CPU.ActiveCfg = Release|Any CPU
		{C0377857-D44A-4B7D-93B3-D7B175193DF1}.Release|Any CPU.Build.0 = Release|Any CPU
	EndGlobalSection
	GlobalSection(SolutionProperties) = preSolution
		HideSolutionNode = FALSE
	EndGlobalSection
	GlobalSection(ExtensibilityGlobals) = postSolution
		SolutionGuid = {A8B19AE5-61C1-4000-9B5E-0CF9AF0BDA4A}
	EndGlobalSection
EndGlobal
